// !$*UTF8*$!
{
	archiveVersion = 1;
	classes = {
	};
	objectVersion = 50;
	objects = {

/* Begin PBXBuildFile section */
		27EBE9E02151F3C000645C83 /* AppDelegate.m in Sources */ = {isa = PBXBuildFile; fileRef = 27EBE9DF2151F3C000645C83 /* AppDelegate.m */; };
		27EBE9E32151F3C000645C83 /* ViewController.m in Sources */ = {isa = PBXBuildFile; fileRef = 27EBE9E22151F3C000645C83 /* ViewController.m */; };
		27EBE9E52151F3C500645C83 /* Assets.xcassets in Resources */ = {isa = PBXBuildFile; fileRef = 27EBE9E42151F3C500645C83 /* Assets.xcassets */; };
		27EBE9E82151F3C500645C83 /* Main.storyboard in Resources */ = {isa = PBXBuildFile; fileRef = 27EBE9E62151F3C500645C83 /* Main.storyboard */; };
		27EBE9EB2151F3C500645C83 /* main.m in Sources */ = {isa = PBXBuildFile; fileRef = 27EBE9EA2151F3C500645C83 /* main.m */; };
		27EBE9F62151F3C600645C83 /* MYLCommonUITests.m in Sources */ = {isa = PBXBuildFile; fileRef = 27EBE9F52151F3C600645C83 /* MYLCommonUITests.m */; };
		27EBEA012151F3C600645C83 /* MYLCommonUIUITests.m in Sources */ = {isa = PBXBuildFile; fileRef = 27EBEA002151F3C600645C83 /* MYLCommonUIUITests.m */; };
		9F7334A9BD388B5955101830 /* libPods-MYLCommonUIUITests.a in Frameworks */ = {isa = PBXBuildFile; fileRef = C31D930B518DF50FEAEE07C5 /* libPods-MYLCommonUIUITests.a */; };
		B03A8533742D31540C643530 /* libPods-MYLCommonUI.a in Frameworks */ = {isa = PBXBuildFile; fileRef = 319442AABBAD6063CAF766CE /* libPods-MYLCommonUI.a */; };
		E681A20D02C9728FD1387629 /* libPods-MYLCommonUITests.a in Frameworks */ = {isa = PBXBuildFile; fileRef = 9379CB1F3065D12690E4E992 /* libPods-MYLCommonUITests.a */; };
/* End PBXBuildFile section */

/* Begin PBXContainerItemProxy section */
		27EBE9F22151F3C500645C83 /* PBXContainerItemProxy */ = {
			isa = PBXContainerItemProxy;
			containerPortal = 27EBE9D32151F3C000645C83 /* Project object */;
			proxyType = 1;
			remoteGlobalIDString = 27EBE9DA2151F3C000645C83;
			remoteInfo = MYLCommonUI;
		};
		27EBE9FD2151F3C600645C83 /* PBXContainerItemProxy */ = {
			isa = PBXContainerItemProxy;
			containerPortal = 27EBE9D32151F3C000645C83 /* Project object */;
			proxyType = 1;
			remoteGlobalIDString = 27EBE9DA2151F3C000645C83;
			remoteInfo = MYLCommonUI;
		};
/* End PBXContainerItemProxy section */

/* Begin PBXFileReference section */
		1D35B9326B31A47697EEA88C /* Pods-MYLCommonUI.release.xcconfig */ = {isa = PBXFileReference; includeInIndex = 1; lastKnownFileType = text.xcconfig; name = "Pods-MYLCommonUI.release.xcconfig"; path = "Pods/Target Support Files/Pods-MYLCommonUI/Pods-MYLCommonUI.release.xcconfig"; sourceTree = "<group>"; };
		27EBE9DB2151F3C000645C83 /* MYLCommonUI.app */ = {isa = PBXFileReference; explicitFileType = wrapper.application; includeInIndex = 0; path = MYLCommonUI.app; sourceTree = BUILT_PRODUCTS_DIR; };
		27EBE9DE2151F3C000645C83 /* AppDelegate.h */ = {isa = PBXFileReference; lastKnownFileType = sourcecode.c.h; path = AppDelegate.h; sourceTree = "<group>"; };
		27EBE9DF2151F3C000645C83 /* AppDelegate.m */ = {isa = PBXFileReference; lastKnownFileType = sourcecode.c.objc; path = AppDelegate.m; sourceTree = "<group>"; };
		27EBE9E12151F3C000645C83 /* ViewController.h */ = {isa = PBXFileReference; lastKnownFileType = sourcecode.c.h; path = ViewController.h; sourceTree = "<group>"; };
		27EBE9E22151F3C000645C83 /* ViewController.m */ = {isa = PBXFileReference; lastKnownFileType = sourcecode.c.objc; path = ViewController.m; sourceTree = "<group>"; };
		27EBE9E42151F3C500645C83 /* Assets.xcassets */ = {isa = PBXFileReference; lastKnownFileType = folder.assetcatalog; path = Assets.xcassets; sourceTree = "<group>"; };
		27EBE9E72151F3C500645C83 /* Base */ = {isa = PBXFileReference; lastKnownFileType = file.storyboard; name = Base; path = Base.lproj/Main.storyboard; sourceTree = "<group>"; };
		27EBE9E92151F3C500645C83 /* Info.plist */ = {isa = PBXFileReference; lastKnownFileType = text.plist.xml; path = Info.plist; sourceTree = "<group>"; };
		27EBE9EA2151F3C500645C83 /* main.m */ = {isa = PBXFileReference; lastKnownFileType = sourcecode.c.objc; path = main.m; sourceTree = "<group>"; };
		27EBE9EC2151F3C500645C83 /* MYLCommonUI.entitlements */ = {isa = PBXFileReference; lastKnownFileType = text.plist.entitlements; path = MYLCommonUI.entitlements; sourceTree = "<group>"; };
		27EBE9F12151F3C500645C83 /* MYLCommonUITests.xctest */ = {isa = PBXFileReference; explicitFileType = wrapper.cfbundle; includeInIndex = 0; path = MYLCommonUITests.xctest; sourceTree = BUILT_PRODUCTS_DIR; };
		27EBE9F52151F3C600645C83 /* MYLCommonUITests.m */ = {isa = PBXFileReference; lastKnownFileType = sourcecode.c.objc; path = MYLCommonUITests.m; sourceTree = "<group>"; };
		27EBE9F72151F3C600645C83 /* Info.plist */ = {isa = PBXFileReference; lastKnownFileType = text.plist.xml; path = Info.plist; sourceTree = "<group>"; };
		27EBE9FC2151F3C600645C83 /* MYLCommonUIUITests.xctest */ = {isa = PBXFileReference; explicitFileType = wrapper.cfbundle; includeInIndex = 0; path = MYLCommonUIUITests.xctest; sourceTree = BUILT_PRODUCTS_DIR; };
		27EBEA002151F3C600645C83 /* MYLCommonUIUITests.m */ = {isa = PBXFileReference; lastKnownFileType = sourcecode.c.objc; path = MYLCommonUIUITests.m; sourceTree = "<group>"; };
		27EBEA022151F3C600645C83 /* Info.plist */ = {isa = PBXFileReference; lastKnownFileType = text.plist.xml; path = Info.plist; sourceTree = "<group>"; };
		319442AABBAD6063CAF766CE /* libPods-MYLCommonUI.a */ = {isa = PBXFileReference; explicitFileType = archive.ar; includeInIndex = 0; path = "libPods-MYLCommonUI.a"; sourceTree = BUILT_PRODUCTS_DIR; };
		70C22C983623DACD3E70E76B /* Pods-MYLCommonUI.debug.xcconfig */ = {isa = PBXFileReference; includeInIndex = 1; lastKnownFileType = text.xcconfig; name = "Pods-MYLCommonUI.debug.xcconfig"; path = "Pods/Target Support Files/Pods-MYLCommonUI/Pods-MYLCommonUI.debug.xcconfig"; sourceTree = "<group>"; };
		9379CB1F3065D12690E4E992 /* libPods-MYLCommonUITests.a */ = {isa = PBXFileReference; explicitFileType = archive.ar; includeInIndex = 0; path = "libPods-MYLCommonUITests.a"; sourceTree = BUILT_PRODUCTS_DIR; };
		A9CFCC692CDCFA5374A2B013 /* Pods-MYLCommonUITests.release.xcconfig */ = {isa = PBXFileReference; includeInIndex = 1; lastKnownFileType = text.xcconfig; name = "Pods-MYLCommonUITests.release.xcconfig"; path = "Pods/Target Support Files/Pods-MYLCommonUITests/Pods-MYLCommonUITests.release.xcconfig"; sourceTree = "<group>"; };
		B25263DBA5E1D972D2C82896 /* Pods-MYLCommonUIUITests.release.xcconfig */ = {isa = PBXFileReference; includeInIndex = 1; lastKnownFileType = text.xcconfig; name = "Pods-MYLCommonUIUITests.release.xcconfig"; path = "Pods/Target Support Files/Pods-MYLCommonUIUITests/Pods-MYLCommonUIUITests.release.xcconfig"; sourceTree = "<group>"; };
		C31D930B518DF50FEAEE07C5 /* libPods-MYLCommonUIUITests.a */ = {isa = PBXFileReference; explicitFileType = archive.ar; includeInIndex = 0; path = "libPods-MYLCommonUIUITests.a"; sourceTree = BUILT_PRODUCTS_DIR; };
		E539C4464CAE3415FDAFD5CD /* Pods-MYLCommonUIUITests.debug.xcconfig */ = {isa = PBXFileReference; includeInIndex = 1; lastKnownFileType = text.xcconfig; name = "Pods-MYLCommonUIUITests.debug.xcconfig"; path = "Pods/Target Support Files/Pods-MYLCommonUIUITests/Pods-MYLCommonUIUITests.debug.xcconfig"; sourceTree = "<group>"; };
		F58BDACBD1F6EC32A620CCA0 /* Pods-MYLCommonUITests.debug.xcconfig */ = {isa = PBXFileReference; includeInIndex = 1; lastKnownFileType = text.xcconfig; name = "Pods-MYLCommonUITests.debug.xcconfig"; path = "Pods/Target Support Files/Pods-MYLCommonUITests/Pods-MYLCommonUITests.debug.xcconfig"; sourceTree = "<group>"; };
/* End PBXFileReference section */

/* Begin PBXFrameworksBuildPhase section */
		27EBE9D82151F3C000645C83 /* Frameworks */ = {
			isa = PBXFrameworksBuildPhase;
			buildActionMask = 2147483647;
			files = (
				B03A8533742D31540C643530 /* libPods-MYLCommonUI.a in Frameworks */,
			);
			runOnlyForDeploymentPostprocessing = 0;
		};
		27EBE9EE2151F3C500645C83 /* Frameworks */ = {
			isa = PBXFrameworksBuildPhase;
			buildActionMask = 2147483647;
			files = (
				E681A20D02C9728FD1387629 /* libPods-MYLCommonUITests.a in Frameworks */,
			);
			runOnlyForDeploymentPostprocessing = 0;
		};
		27EBE9F92151F3C600645C83 /* Frameworks */ = {
			isa = PBXFrameworksBuildPhase;
			buildActionMask = 2147483647;
			files = (
				9F7334A9BD388B5955101830 /* libPods-MYLCommonUIUITests.a in Frameworks */,
			);
			runOnlyForDeploymentPostprocessing = 0;
		};
/* End PBXFrameworksBuildPhase section */

/* Begin PBXGroup section */
		233BA98AE951EF5E9F4431B4 /* Frameworks */ = {
			isa = PBXGroup;
			children = (
				319442AABBAD6063CAF766CE /* libPods-MYLCommonUI.a */,
				9379CB1F3065D12690E4E992 /* libPods-MYLCommonUITests.a */,
				C31D930B518DF50FEAEE07C5 /* libPods-MYLCommonUIUITests.a */,
			);
			name = Frameworks;
			sourceTree = "<group>";
		};
		27EBE9D22151F3C000645C83 = {
			isa = PBXGroup;
			children = (
				27EBE9DD2151F3C000645C83 /* MYLCommonUI */,
				27EBE9F42151F3C600645C83 /* MYLCommonUITests */,
				27EBE9FF2151F3C600645C83 /* MYLCommonUIUITests */,
				27EBE9DC2151F3C000645C83 /* Products */,
				28D110DB776047CC030A1E54 /* Pods */,
				233BA98AE951EF5E9F4431B4 /* Frameworks */,
			);
			sourceTree = "<group>";
		};
		27EBE9DC2151F3C000645C83 /* Products */ = {
			isa = PBXGroup;
			children = (
				27EBE9DB2151F3C000645C83 /* MYLCommonUI.app */,
				27EBE9F12151F3C500645C83 /* MYLCommonUITests.xctest */,
				27EBE9FC2151F3C600645C83 /* MYLCommonUIUITests.xctest */,
			);
			name = Products;
			sourceTree = "<group>";
		};
		27EBE9DD2151F3C000645C83 /* MYLCommonUI */ = {
			isa = PBXGroup;
			children = (
				27EBE9DE2151F3C000645C83 /* AppDelegate.h */,
				27EBE9DF2151F3C000645C83 /* AppDelegate.m */,
				27EBE9E12151F3C000645C83 /* ViewController.h */,
				27EBE9E22151F3C000645C83 /* ViewController.m */,
				27EBE9E42151F3C500645C83 /* Assets.xcassets */,
				27EBE9E62151F3C500645C83 /* Main.storyboard */,
				27EBE9E92151F3C500645C83 /* Info.plist */,
				27EBE9EA2151F3C500645C83 /* main.m */,
				27EBE9EC2151F3C500645C83 /* MYLCommonUI.entitlements */,
			);
			path = MYLCommonUI;
			sourceTree = "<group>";
		};
		27EBE9F42151F3C600645C83 /* MYLCommonUITests */ = {
			isa = PBXGroup;
			children = (
				27EBE9F52151F3C600645C83 /* MYLCommonUITests.m */,
				27EBE9F72151F3C600645C83 /* Info.plist */,
			);
			path = MYLCommonUITests;
			sourceTree = "<group>";
		};
		27EBE9FF2151F3C600645C83 /* MYLCommonUIUITests */ = {
			isa = PBXGroup;
			children = (
				27EBEA002151F3C600645C83 /* MYLCommonUIUITests.m */,
				27EBEA022151F3C600645C83 /* Info.plist */,
			);
			path = MYLCommonUIUITests;
			sourceTree = "<group>";
		};
		28D110DB776047CC030A1E54 /* Pods */ = {
			isa = PBXGroup;
			children = (
				70C22C983623DACD3E70E76B /* Pods-MYLCommonUI.debug.xcconfig */,
				1D35B9326B31A47697EEA88C /* Pods-MYLCommonUI.release.xcconfig */,
				F58BDACBD1F6EC32A620CCA0 /* Pods-MYLCommonUITests.debug.xcconfig */,
				A9CFCC692CDCFA5374A2B013 /* Pods-MYLCommonUITests.release.xcconfig */,
				E539C4464CAE3415FDAFD5CD /* Pods-MYLCommonUIUITests.debug.xcconfig */,
				B25263DBA5E1D972D2C82896 /* Pods-MYLCommonUIUITests.release.xcconfig */,
			);
			name = Pods;
			sourceTree = "<group>";
		};
/* End PBXGroup section */

/* Begin PBXNativeTarget section */
		27EBE9DA2151F3C000645C83 /* MYLCommonUI */ = {
			isa = PBXNativeTarget;
			buildConfigurationList = 27EBEA052151F3C600645C83 /* Build configuration list for PBXNativeTarget "MYLCommonUI" */;
			buildPhases = (
				7F54EFF5BBE250997D54FC1F /* [CP] Check Pods Manifest.lock */,
				27EBE9D72151F3C000645C83 /* Sources */,
				27EBE9D82151F3C000645C83 /* Frameworks */,
				27EBE9D92151F3C000645C83 /* Resources */,
			);
			buildRules = (
			);
			dependencies = (
			);
			name = MYLCommonUI;
			productName = MYLCommonUI;
			productReference = 27EBE9DB2151F3C000645C83 /* MYLCommonUI.app */;
			productType = "com.apple.product-type.application";
		};
		27EBE9F02151F3C500645C83 /* MYLCommonUITests */ = {
			isa = PBXNativeTarget;
			buildConfigurationList = 27EBEA082151F3C600645C83 /* Build configuration list for PBXNativeTarget "MYLCommonUITests" */;
			buildPhases = (
				2DC69F6192F4E3BC7E1DD3DD /* [CP] Check Pods Manifest.lock */,
				27EBE9ED2151F3C500645C83 /* Sources */,
				27EBE9EE2151F3C500645C83 /* Frameworks */,
				27EBE9EF2151F3C500645C83 /* Resources */,
			);
			buildRules = (
			);
			dependencies = (
				27EBE9F32151F3C500645C83 /* PBXTargetDependency */,
			);
			name = MYLCommonUITests;
			productName = MYLCommonUITests;
			productReference = 27EBE9F12151F3C500645C83 /* MYLCommonUITests.xctest */;
			productType = "com.apple.product-type.bundle.unit-test";
		};
		27EBE9FB2151F3C600645C83 /* MYLCommonUIUITests */ = {
			isa = PBXNativeTarget;
			buildConfigurationList = 27EBEA0B2151F3C600645C83 /* Build configuration list for PBXNativeTarget "MYLCommonUIUITests" */;
			buildPhases = (
				18FCA7615FB0AC1BF7A9DB0E /* [CP] Check Pods Manifest.lock */,
				27EBE9F82151F3C600645C83 /* Sources */,
				27EBE9F92151F3C600645C83 /* Frameworks */,
				27EBE9FA2151F3C600645C83 /* Resources */,
			);
			buildRules = (
			);
			dependencies = (
				27EBE9FE2151F3C600645C83 /* PBXTargetDependency */,
			);
			name = MYLCommonUIUITests;
			productName = MYLCommonUIUITests;
			productReference = 27EBE9FC2151F3C600645C83 /* MYLCommonUIUITests.xctest */;
			productType = "com.apple.product-type.bundle.ui-testing";
		};
/* End PBXNativeTarget section */

/* Begin PBXProject section */
		27EBE9D32151F3C000645C83 /* Project object */ = {
			isa = PBXProject;
			attributes = {
				LastUpgradeCheck = 0940;
				ORGANIZATIONNAME = Muyuli;
				TargetAttributes = {
					27EBE9DA2151F3C000645C83 = {
						CreatedOnToolsVersion = 9.4.1;
					};
					27EBE9F02151F3C500645C83 = {
						CreatedOnToolsVersion = 9.4.1;
						TestTargetID = 27EBE9DA2151F3C000645C83;
					};
					27EBE9FB2151F3C600645C83 = {
						CreatedOnToolsVersion = 9.4.1;
						TestTargetID = 27EBE9DA2151F3C000645C83;
					};
				};
			};
			buildConfigurationList = 27EBE9D62151F3C000645C83 /* Build configuration list for PBXProject "MYLCommonUI" */;
			compatibilityVersion = "Xcode 9.3";
			developmentRegion = en;
			hasScannedForEncodings = 0;
			knownRegions = (
				en,
				Base,
			);
			mainGroup = 27EBE9D22151F3C000645C83;
			productRefGroup = 27EBE9DC2151F3C000645C83 /* Products */;
			projectDirPath = "";
			projectRoot = "";
			targets = (
				27EBE9DA2151F3C000645C83 /* MYLCommonUI */,
				27EBE9F02151F3C500645C83 /* MYLCommonUITests */,
				27EBE9FB2151F3C600645C83 /* MYLCommonUIUITests */,
			);
		};
/* End PBXProject section */

/* Begin PBXResourcesBuildPhase section */
		27EBE9D92151F3C000645C83 /* Resources */ = {
			isa = PBXResourcesBuildPhase;
			buildActionMask = 2147483647;
			files = (
				27EBE9E52151F3C500645C83 /* Assets.xcassets in Resources */,
				27EBE9E82151F3C500645C83 /* Main.storyboard in Resources */,
			);
			runOnlyForDeploymentPostprocessing = 0;
		};
		27EBE9EF2151F3C500645C83 /* Resources */ = {
			isa = PBXResourcesBuildPhase;
			buildActionMask = 2147483647;
			files = (
			);
			runOnlyForDeploymentPostprocessing = 0;
		};
		27EBE9FA2151F3C600645C83 /* Resources */ = {
			isa = PBXResourcesBuildPhase;
			buildActionMask = 2147483647;
			files = (
			);
			runOnlyForDeploymentPostprocessing = 0;
		};
/* End PBXResourcesBuildPhase section */

/* Begin PBXShellScriptBuildPhase section */
		18FCA7615FB0AC1BF7A9DB0E /* [CP] Check Pods Manifest.lock */ = {
			isa = PBXShellScriptBuildPhase;
			buildActionMask = 2147483647;
			files = (
			);
			inputFileListPaths = (
			);
			inputPaths = (
				"${PODS_PODFILE_DIR_PATH}/Podfile.lock",
				"${PODS_ROOT}/Manifest.lock",
			);
			name = "[CP] Check Pods Manifest.lock";
			outputFileListPaths = (
			);
			outputPaths = (
				"$(DERIVED_FILE_DIR)/Pods-MYLCommonUIUITests-checkManifestLockResult.txt",
			);
			runOnlyForDeploymentPostprocessing = 0;
			shellPath = /bin/sh;
			shellScript = "diff \"${PODS_PODFILE_DIR_PATH}/Podfile.lock\" \"${PODS_ROOT}/Manifest.lock\" > /dev/null\nif [ $? != 0 ] ; then\n    # print error to STDERR\n    echo \"error: The sandbox is not in sync with the Podfile.lock. Run 'pod install' or update your CocoaPods installation.\" >&2\n    exit 1\nfi\n# This output is used by Xcode 'outputs' to avoid re-running this script phase.\necho \"SUCCESS\" > \"${SCRIPT_OUTPUT_FILE_0}\"\n";
			showEnvVarsInLog = 0;
		};
		2DC69F6192F4E3BC7E1DD3DD /* [CP] Check Pods Manifest.lock */ = {
			isa = PBXShellScriptBuildPhase;
			buildActionMask = 2147483647;
			files = (
			);
			inputFileListPaths = (
			);
			inputPaths = (
				"${PODS_PODFILE_DIR_PATH}/Podfile.lock",
				"${PODS_ROOT}/Manifest.lock",
			);
			name = "[CP] Check Pods Manifest.lock";
			outputFileListPaths = (
			);
			outputPaths = (
				"$(DERIVED_FILE_DIR)/Pods-MYLCommonUITests-checkManifestLockResult.txt",
			);
			runOnlyForDeploymentPostprocessing = 0;
			shellPath = /bin/sh;
			shellScript = "diff \"${PODS_PODFILE_DIR_PATH}/Podfile.lock\" \"${PODS_ROOT}/Manifest.lock\" > /dev/null\nif [ $? != 0 ] ; then\n    # print error to STDERR\n    echo \"error: The sandbox is not in sync with the Podfile.lock. Run 'pod install' or update your CocoaPods installation.\" >&2\n    exit 1\nfi\n# This output is used by Xcode 'outputs' to avoid re-running this script phase.\necho \"SUCCESS\" > \"${SCRIPT_OUTPUT_FILE_0}\"\n";
			showEnvVarsInLog = 0;
		};
		7F54EFF5BBE250997D54FC1F /* [CP] Check Pods Manifest.lock */ = {
			isa = PBXShellScriptBuildPhase;
			buildActionMask = 2147483647;
			files = (
			);
			inputFileListPaths = (
			);
			inputPaths = (
				"${PODS_PODFILE_DIR_PATH}/Podfile.lock",
				"${PODS_ROOT}/Manifest.lock",
			);
			name = "[CP] Check Pods Manifest.lock";
			outputFileListPaths = (
			);
			outputPaths = (
				"$(DERIVED_FILE_DIR)/Pods-MYLCommonUI-checkManifestLockResult.txt",
			);
			runOnlyForDeploymentPostprocessing = 0;
			shellPath = /bin/sh;
			shellScript = "diff \"${PODS_PODFILE_DIR_PATH}/Podfile.lock\" \"${PODS_ROOT}/Manifest.lock\" > /dev/null\nif [ $? != 0 ] ; then\n    # print error to STDERR\n    echo \"error: The sandbox is not in sync with the Podfile.lock. Run 'pod install' or update your CocoaPods installation.\" >&2\n    exit 1\nfi\n# This output is used by Xcode 'outputs' to avoid re-running this script phase.\necho \"SUCCESS\" > \"${SCRIPT_OUTPUT_FILE_0}\"\n";
			showEnvVarsInLog = 0;
		};
/* End PBXShellScriptBuildPhase section */

/* Begin PBXSourcesBuildPhase section */
		27EBE9D72151F3C000645C83 /* Sources */ = {
			isa = PBXSourcesBuildPhase;
			buildActionMask = 2147483647;
			files = (
				27EBE9E32151F3C000645C83 /* ViewController.m in Sources */,
				27EBE9EB2151F3C500645C83 /* main.m in Sources */,
				27EBE9E02151F3C000645C83 /* AppDelegate.m in Sources */,
			);
			runOnlyForDeploymentPostprocessing = 0;
		};
		27EBE9ED2151F3C500645C83 /* Sources */ = {
			isa = PBXSourcesBuildPhase;
			buildActionMask = 2147483647;
			files = (
				27EBE9F62151F3C600645C83 /* MYLCommonUITests.m in Sources */,
			);
			runOnlyForDeploymentPostprocessing = 0;
		};
		27EBE9F82151F3C600645C83 /* Sources */ = {
			isa = PBXSourcesBuildPhase;
			buildActionMask = 2147483647;
			files = (
				27EBEA012151F3C600645C83 /* MYLCommonUIUITests.m in Sources */,
			);
			runOnlyForDeploymentPostprocessing = 0;
		};
/* End PBXSourcesBuildPhase section */

/* Begin PBXTargetDependency section */
		27EBE9F32151F3C500645C83 /* PBXTargetDependency */ = {
			isa = PBXTargetDependency;
			target = 27EBE9DA2151F3C000645C83 /* MYLCommonUI */;
			targetProxy = 27EBE9F22151F3C500645C83 /* PBXContainerItemProxy */;
		};
		27EBE9FE2151F3C600645C83 /* PBXTargetDependency */ = {
			isa = PBXTargetDependency;
			target = 27EBE9DA2151F3C000645C83 /* MYLCommonUI */;
			targetProxy = 27EBE9FD2151F3C600645C83 /* PBXContainerItemProxy */;
		};
/* End PBXTargetDependency section */

/* Begin PBXVariantGroup section */
		27EBE9E62151F3C500645C83 /* Main.storyboard */ = {
			isa = PBXVariantGroup;
			children = (
				27EBE9E72151F3C500645C83 /* Base */,
			);
			name = Main.storyboard;
			sourceTree = "<group>";
		};
/* End PBXVariantGroup section */

/* Begin XCBuildConfiguration section */
		27EBEA032151F3C600645C83 /* Debug */ = {
			isa = XCBuildConfiguration;
			buildSettings = {
				ALWAYS_SEARCH_USER_PATHS = NO;
				CLANG_ANALYZER_NONNULL = YES;
				CLANG_ANALYZER_NUMBER_OBJECT_CONVERSION = YES_AGGRESSIVE;
				CLANG_CXX_LANGUAGE_STANDARD = "gnu++14";
				CLANG_CXX_LIBRARY = "libc++";
				CLANG_ENABLE_MODULES = YES;
				CLANG_ENABLE_OBJC_ARC = YES;
				CLANG_ENABLE_OBJC_WEAK = YES;
				CLANG_WARN_BLOCK_CAPTURE_AUTORELEASING = YES;
				CLANG_WARN_BOOL_CONVERSION = YES;
				CLANG_WARN_COMMA = YES;
				CLANG_WARN_CONSTANT_CONVERSION = YES;
				CLANG_WARN_DEPRECATED_OBJC_IMPLEMENTATIONS = YES;
				CLANG_WARN_DIRECT_OBJC_ISA_USAGE = YES_ERROR;
				CLANG_WARN_DOCUMENTATION_COMMENTS = YES;
				CLANG_WARN_EMPTY_BODY = YES;
				CLANG_WARN_ENUM_CONVERSION = YES;
				CLANG_WARN_INFINITE_RECURSION = YES;
				CLANG_WARN_INT_CONVERSION = YES;
				CLANG_WARN_NON_LITERAL_NULL_CONVERSION = YES;
				CLANG_WARN_OBJC_IMPLICIT_RETAIN_SELF = YES;
				CLANG_WARN_OBJC_LITERAL_CONVERSION = YES;
				CLANG_WARN_OBJC_ROOT_CLASS = YES_ERROR;
				CLANG_WARN_RANGE_LOOP_ANALYSIS = YES;
				CLANG_WARN_STRICT_PROTOTYPES = YES;
				CLANG_WARN_SUSPICIOUS_MOVE = YES;
				CLANG_WARN_UNGUARDED_AVAILABILITY = YES_AGGRESSIVE;
				CLANG_WARN_UNREACHABLE_CODE = YES;
				CLANG_WARN__DUPLICATE_METHOD_MATCH = YES;
				CODE_SIGN_IDENTITY = "Mac Developer";
				COPY_PHASE_STRIP = NO;
				DEBUG_INFORMATION_FORMAT = dwarf;
				ENABLE_STRICT_OBJC_MSGSEND = YES;
				ENABLE_TESTABILITY = YES;
				GCC_C_LANGUAGE_STANDARD = gnu11;
				GCC_DYNAMIC_NO_PIC = NO;
				GCC_NO_COMMON_BLOCKS = YES;
				GCC_OPTIMIZATION_LEVEL = 0;
				GCC_PREPROCESSOR_DEFINITIONS = (
					"DEBUG=1",
					"$(inherited)",
				);
				GCC_WARN_64_TO_32_BIT_CONVERSION = YES;
				GCC_WARN_ABOUT_RETURN_TYPE = YES_ERROR;
				GCC_WARN_UNDECLARED_SELECTOR = YES;
				GCC_WARN_UNINITIALIZED_AUTOS = YES_AGGRESSIVE;
				GCC_WARN_UNUSED_FUNCTION = YES;
				GCC_WARN_UNUSED_VARIABLE = YES;
				MACOSX_DEPLOYMENT_TARGET = 10.13;
				MTL_ENABLE_DEBUG_INFO = YES;
				ONLY_ACTIVE_ARCH = YES;
				SDKROOT = macosx;
			};
			name = Debug;
		};
		27EBEA042151F3C600645C83 /* Release */ = {
			isa = XCBuildConfiguration;
			buildSettings = {
				ALWAYS_SEARCH_USER_PATHS = NO;
				CLANG_ANALYZER_NONNULL = YES;
				CLANG_ANALYZER_NUMBER_OBJECT_CONVERSION = YES_AGGRESSIVE;
				CLANG_CXX_LANGUAGE_STANDARD = "gnu++14";
				CLANG_CXX_LIBRARY = "libc++";
				CLANG_ENABLE_MODULES = YES;
				CLANG_ENABLE_OBJC_ARC = YES;
				CLANG_ENABLE_OBJC_WEAK = YES;
				CLANG_WARN_BLOCK_CAPTURE_AUTORELEASING = YES;
				CLANG_WARN_BOOL_CONVERSION = YES;
				CLANG_WARN_COMMA = YES;
				CLANG_WARN_CONSTANT_CONVERSION = YES;
				CLANG_WARN_DEPRECATED_OBJC_IMPLEMENTATIONS = YES;
				CLANG_WARN_DIRECT_OBJC_ISA_USAGE = YES_ERROR;
				CLANG_WARN_DOCUMENTATION_COMMENTS = YES;
				CLANG_WARN_EMPTY_BODY = YES;
				CLANG_WARN_ENUM_CONVERSION = YES;
				CLANG_WARN_INFINITE_RECURSION = YES;
				CLANG_WARN_INT_CONVERSION = YES;
				CLANG_WARN_NON_LITERAL_NULL_CONVERSION = YES;
				CLANG_WARN_OBJC_IMPLICIT_RETAIN_SELF = YES;
				CLANG_WARN_OBJC_LITERAL_CONVERSION = YES;
				CLANG_WARN_OBJC_ROOT_CLASS = YES_ERROR;
				CLANG_WARN_RANGE_LOOP_ANALYSIS = YES;
				CLANG_WARN_STRICT_PROTOTYPES = YES;
				CLANG_WARN_SUSPICIOUS_MOVE = YES;
				CLANG_WARN_UNGUARDED_AVAILABILITY = YES_AGGRESSIVE;
				CLANG_WARN_UNREACHABLE_CODE = YES;
				CLANG_WARN__DUPLICATE_METHOD_MATCH = YES;
				CODE_SIGN_IDENTITY = "Mac Developer";
				COPY_PHASE_STRIP = NO;
				DEBUG_INFORMATION_FORMAT = "dwarf-with-dsym";
				ENABLE_NS_ASSERTIONS = NO;
				ENABLE_STRICT_OBJC_MSGSEND = YES;
				GCC_C_LANGUAGE_STANDARD = gnu11;
				GCC_NO_COMMON_BLOCKS = YES;
				GCC_WARN_64_TO_32_BIT_CONVERSION = YES;
				GCC_WARN_ABOUT_RETURN_TYPE = YES_ERROR;
				GCC_WARN_UNDECLARED_SELECTOR = YES;
				GCC_WARN_UNINITIALIZED_AUTOS = YES_AGGRESSIVE;
				GCC_WARN_UNUSED_FUNCTION = YES;
				GCC_WARN_UNUSED_VARIABLE = YES;
				MACOSX_DEPLOYMENT_TARGET = 10.13;
				MTL_ENABLE_DEBUG_INFO = NO;
				SDKROOT = macosx;
			};
			name = Release;
		};
		27EBEA062151F3C600645C83 /* Debug */ = {
			isa = XCBuildConfiguration;
			baseConfigurationReference = 70C22C983623DACD3E70E76B /* Pods-MYLCommonUI.debug.xcconfig */;
			buildSettings = {
				ASSETCATALOG_COMPILER_APPICON_NAME = AppIcon;
				CODE_SIGN_ENTITLEMENTS = MYLCommonUI/MYLCommonUI.entitlements;
				CODE_SIGN_STYLE = Automatic;
				COMBINE_HIDPI_IMAGES = YES;
				DEVELOPMENT_TEAM = L47A7D74ZA;
				INFOPLIST_FILE = MYLCommonUI/Info.plist;
				LD_RUNPATH_SEARCH_PATHS = (
					"$(inherited)",
					"@executable_path/../Frameworks",
				);
				PRODUCT_BUNDLE_IDENTIFIER = MYL.MYLCommonUI;
				PRODUCT_NAME = "$(TARGET_NAME)";
			};
			name = Debug;
		};
		27EBEA072151F3C600645C83 /* Release */ = {
			isa = XCBuildConfiguration;
			baseConfigurationReference = 1D35B9326B31A47697EEA88C /* Pods-MYLCommonUI.release.xcconfig */;
			buildSettings = {
				ASSETCATALOG_COMPILER_APPICON_NAME = AppIcon;
				CODE_SIGN_ENTITLEMENTS = MYLCommonUI/MYLCommonUI.entitlements;
				CODE_SIGN_STYLE = Automatic;
				COMBINE_HIDPI_IMAGES = YES;
				DEVELOPMENT_TEAM = L47A7D74ZA;
				INFOPLIST_FILE = MYLCommonUI/Info.plist;
				LD_RUNPATH_SEARCH_PATHS = (
					"$(inherited)",
					"@executable_path/../Frameworks",
				);
				PRODUCT_BUNDLE_IDENTIFIER = MYL.MYLCommonUI;
				PRODUCT_NAME = "$(TARGET_NAME)";
			};
			name = Release;
		};
		27EBEA092151F3C600645C83 /* Debug */ = {
			isa = XCBuildConfiguration;
			baseConfigurationReference = F58BDACBD1F6EC32A620CCA0 /* Pods-MYLCommonUITests.debug.xcconfig */;
			buildSettings = {
				BUNDLE_LOADER = "$(TEST_HOST)";
				CODE_SIGN_STYLE = Automatic;
				COMBINE_HIDPI_IMAGES = YES;
				DEVELOPMENT_TEAM = L47A7D74ZA;
				INFOPLIST_FILE = MYLCommonUITests/Info.plist;
				LD_RUNPATH_SEARCH_PATHS = (
					"$(inherited)",
					"@executable_path/../Frameworks",
					"@loader_path/../Frameworks",
				);
				PRODUCT_BUNDLE_IDENTIFIER = MYL.MYLCommonUITests;
				PRODUCT_NAME = "$(TARGET_NAME)";
				TEST_HOST = "$(BUILT_PRODUCTS_DIR)/MYLCommonUI.app/Contents/MacOS/MYLCommonUI";
			};
			name = Debug;
		};
		27EBEA0A2151F3C600645C83 /* Release */ = {
			isa = XCBuildConfiguration;
			baseConfigurationReference = A9CFCC692CDCFA5374A2B013 /* Pods-MYLCommonUITests.release.xcconfig */;
			buildSettings = {
				BUNDLE_LOADER = "$(TEST_HOST)";
				CODE_SIGN_STYLE = Automatic;
				COMBINE_HIDPI_IMAGES = YES;
				DEVELOPMENT_TEAM = L47A7D74ZA;
				INFOPLIST_FILE = MYLCommonUITests/Info.plist;
				LD_RUNPATH_SEARCH_PATHS = (
					"$(inherited)",
					"@executable_path/../Frameworks",
					"@loader_path/../Frameworks",
				);
				PRODUCT_BUNDLE_IDENTIFIER = MYL.MYLCommonUITests;
				PRODUCT_NAME = "$(TARGET_NAME)";
				TEST_HOST = "$(BUILT_PRODUCTS_DIR)/MYLCommonUI.app/Contents/MacOS/MYLCommonUI";
			};
			name = Release;
		};
		27EBEA0C2151F3C600645C83 /* Debug */ = {
			isa = XCBuildConfiguration;
			baseConfigurationReference = E539C4464CAE3415FDAFD5CD /* Pods-MYLCommonUIUITests.debug.xcconfig */;
			buildSettings = {
				CODE_SIGN_STYLE = Automatic;
				COMBINE_HIDPI_IMAGES = YES;
				DEVELOPMENT_TEAM = L47A7D74ZA;
				INFOPLIST_FILE = MYLCommonUIUITests/Info.plist;
				LD_RUNPATH_SEARCH_PATHS = (
					"$(inherited)",
					"@executable_path/../Frameworks",
					"@loader_path/../Frameworks",
				);
				PRODUCT_BUNDLE_IDENTIFIER = MYL.MYLCommonUIUITests;
				PRODUCT_NAME = "$(TARGET_NAME)";
				TEST_TARGET_NAME = MYLCommonUI;
			};
			name = Debug;
		};
		27EBEA0D2151F3C600645C83 /* Release */ = {
			isa = XCBuildConfiguration;
			baseConfigurationReference = B25263DBA5E1D972D2C82896 /* Pods-MYLCommonUIUITests.release.xcconfig */;
			buildSettings = {
				CODE_SIGN_STYLE = Automatic;
				COMBINE_HIDPI_IMAGES = YES;
				DEVELOPMENT_TEAM = L47A7D74ZA;
				INFOPLIST_FILE = MYLCommonUIUITests/Info.plist;
				LD_RUNPATH_SEARCH_PATHS = (
					"$(inherited)",
					"@executable_path/../Frameworks",
					"@loader_path/../Frameworks",
				);
				PRODUCT_BUNDLE_IDENTIFIER = MYL.MYLCommonUIUITests;
				PRODUCT_NAME = "$(TARGET_NAME)";
				TEST_TARGET_NAME = MYLCommonUI;
			};
			name = Release;
		};
/* End XCBuildConfiguration section */

/* Begin XCConfigurationList section */
		27EBE9D62151F3C000645C83 /* Build configuration list for PBXProject "MYLCommonUI" */ = {
			isa = XCConfigurationList;
			buildConfigurations = (
				27EBEA032151F3C600645C83 /* Debug */,
				27EBEA042151F3C600645C83 /* Release */,
			);
			defaultConfigurationIsVisible = 0;
			defaultConfigurationName = Release;
		};
		27EBEA052151F3C600645C83 /* Build configuration list for PBXNativeTarget "MYLCommonUI" */ = {
			isa = XCConfigurationList;
			buildConfigurations = (
				27EBEA062151F3C600645C83 /* Debug */,
				27EBEA072151F3C600645C83 /* Release */,
			);
			defaultConfigurationIsVisible = 0;
			defaultConfigurationName = Release;
		};
		27EBEA082151F3C600645C83 /* Build configuration list for PBXNativeTarget "MYLCommonUITests" */ = {
			isa = XCConfigurationList;
			buildConfigurations = (
				27EBEA092151F3C600645C83 /* Debug */,
				27EBEA0A2151F3C600645C83 /* Release */,
			);
			defaultConfigurationIsVisible = 0;
			defaultConfigurationName = Release;
		};
		27EBEA0B2151F3C600645C83 /* Build configuration list for PBXNativeTarget "MYLCommonUIUITests" */ = {
			isa = XCConfigurationList;
			buildConfigurations = (
				27EBEA0C2151F3C600645C83 /* Debug */,
				27EBEA0D2151F3C600645C83 /* Release */,
			);
			defaultConfigurationIsVisible = 0;
			defaultConfigurationName = Release;
		};
/* End XCConfigurationList section */
	};
	rootObject = 27EBE9D32151F3C000645C83 /* Project object */;
}
